
Microsoft Visual Studio Solution File, Format Version 12.00
# Visual Studio Version 17
VisualStudioVersion = 17.11.35312.102
MinimumVisualStudioVersion = 10.0.40219.1
Project("{FAE04EC0-301F-11D3-BF4B-00C04F79EFBC}") = "лб3(сем2)", "лб3(сем2).csproj", "{E4A53610-7929-4876-9EA5-BD8CCFAC669C}"
EndProject
Global
	GlobalSection(SolutionConfigurationPlatforms) = preSolution
		Debug|Any CPU = Debug|Any CPU
		Release|Any CPU = Release|Any CPU
	EndGlobalSection
	GlobalSection(ProjectConfigurationPlatforms) = postSolution
		{E4A53610-7929-4876-9EA5-BD8CCFAC669C}.Debug|Any CPU.ActiveCfg = Debug|Any CPU
		{E4A53610-7929-4876-9EA5-BD8CCFAC669C}.Debug|Any CPU.Build.0 = Debug|Any CPU
		{E4A53610-7929-4876-9EA5-BD8CCFAC669C}.Release|Any CPU.ActiveCfg = Release|Any CPU
		{E4A53610-7929-4876-9EA5-BD8CCFAC669C}.Release|Any CPU.Build.0 = Release|Any CPU
	EndGlobalSection
	GlobalSection(SolutionProperties) = preSolution
		HideSolutionNode = FALSE
	EndGlobalSection
	GlobalSection(ExtensibilityGlobals) = postSolution
		SolutionGuid = {DB424FC1-7B85-472F-89F8-3185C1586D1D}
	EndGlobalSection
EndGlobal
