
Microsoft Visual Studio Solution File, Format Version 12.00
# Visual Studio Version 17
VisualStudioVersion = 17.11.35312.102
MinimumVisualStudioVersion = 10.0.40219.1
Project("{FAE04EC0-301F-11D3-BF4B-00C04F79EFBC}") = "лб4(сем2)", "лб4(сем2).csproj", "{4EE1A09A-C11F-47BF-B03C-7064E7749444}"
EndProject
Global
	GlobalSection(SolutionConfigurationPlatforms) = preSolution
		Debug|Any CPU = Debug|Any CPU
		Release|Any CPU = Release|Any CPU
	EndGlobalSection
	GlobalSection(ProjectConfigurationPlatforms) = postSolution
		{4EE1A09A-C11F-47BF-B03C-7064E7749444}.Debug|Any CPU.ActiveCfg = Debug|Any CPU
		{4EE1A09A-C11F-47BF-B03C-7064E7749444}.Debug|Any CPU.Build.0 = Debug|Any CPU
		{4EE1A09A-C11F-47BF-B03C-7064E7749444}.Release|Any CPU.ActiveCfg = Release|Any CPU
		{4EE1A09A-C11F-47BF-B03C-7064E7749444}.Release|Any CPU.Build.0 = Release|Any CPU
	EndGlobalSection
	GlobalSection(SolutionProperties) = preSolution
		HideSolutionNode = FALSE
	EndGlobalSection
	GlobalSection(ExtensibilityGlobals) = postSolution
		SolutionGuid = {EE375DBC-80D8-44BA-AAC3-2F6B011F836D}
	EndGlobalSection
EndGlobal
