
Microsoft Visual Studio Solution File, Format Version 12.00
# Visual Studio Version 17
VisualStudioVersion = 17.11.35312.102
MinimumVisualStudioVersion = 10.0.40219.1
Project("{FAE04EC0-301F-11D3-BF4B-00C04F79EFBC}") = "лб6(2сем) 2ч", "лб6(2сем) 2ч.csproj", "{F32FFC0A-9725-4B25-8A21-A9BBC8C5464D}"
EndProject
Global
	GlobalSection(SolutionConfigurationPlatforms) = preSolution
		Debug|Any CPU = Debug|Any CPU
		Release|Any CPU = Release|Any CPU
	EndGlobalSection
	GlobalSection(ProjectConfigurationPlatforms) = postSolution
		{F32FFC0A-9725-4B25-8A21-A9BBC8C5464D}.Debug|Any CPU.ActiveCfg = Debug|Any CPU
		{F32FFC0A-9725-4B25-8A21-A9BBC8C5464D}.Debug|Any CPU.Build.0 = Debug|Any CPU
		{F32FFC0A-9725-4B25-8A21-A9BBC8C5464D}.Release|Any CPU.ActiveCfg = Release|Any CPU
		{F32FFC0A-9725-4B25-8A21-A9BBC8C5464D}.Release|Any CPU.Build.0 = Release|Any CPU
	EndGlobalSection
	GlobalSection(SolutionProperties) = preSolution
		HideSolutionNode = FALSE
	EndGlobalSection
	GlobalSection(ExtensibilityGlobals) = postSolution
		SolutionGuid = {0114BC19-E384-4F74-BB40-1053BC075D27}
	EndGlobalSection
EndGlobal
