
Microsoft Visual Studio Solution File, Format Version 12.00
# Visual Studio Version 17
VisualStudioVersion = 17.11.35312.102
MinimumVisualStudioVersion = 10.0.40219.1
Project("{FAE04EC0-301F-11D3-BF4B-00C04F79EFBC}") = "лб2(сем2)", "лб2(сем2).csproj", "{FA078903-2B70-43DD-B94A-071D189D93A3}"
EndProject
Global
	GlobalSection(SolutionConfigurationPlatforms) = preSolution
		Debug|Any CPU = Debug|Any CPU
		Release|Any CPU = Release|Any CPU
	EndGlobalSection
	GlobalSection(ProjectConfigurationPlatforms) = postSolution
		{FA078903-2B70-43DD-B94A-071D189D93A3}.Debug|Any CPU.ActiveCfg = Debug|Any CPU
		{FA078903-2B70-43DD-B94A-071D189D93A3}.Debug|Any CPU.Build.0 = Debug|Any CPU
		{FA078903-2B70-43DD-B94A-071D189D93A3}.Release|Any CPU.ActiveCfg = Release|Any CPU
		{FA078903-2B70-43DD-B94A-071D189D93A3}.Release|Any CPU.Build.0 = Release|Any CPU
	EndGlobalSection
	GlobalSection(SolutionProperties) = preSolution
		HideSolutionNode = FALSE
	EndGlobalSection
	GlobalSection(ExtensibilityGlobals) = postSolution
		SolutionGuid = {B76B6F1F-D587-4BC3-9181-066039D8F914}
	EndGlobalSection
EndGlobal
